// !$*UTF8*$!
{
	archiveVersion = 1;
	classes = {
	};
	objectVersion = 50;
	objects = {

/* Begin PBXBuildFile section */
		3BCDC1D22130CACA008D0FFE /* AppDelegate.swift in Sources */ = {isa = PBXBuildFile; fileRef = 3BCDC1D12130CACA008D0FFE /* AppDelegate.swift */; };
		3BCDC1D72130CACA008D0FFE /* Main.storyboard in Resources */ = {isa = PBXBuildFile; fileRef = 3BCDC1D52130CACA008D0FFE /* Main.storyboard */; };
		3BCDC1D92130CACB008D0FFE /* Assets.xcassets in Resources */ = {isa = PBXBuildFile; fileRef = 3BCDC1D82130CACB008D0FFE /* Assets.xcassets */; };
		3BCDC1DC2130CACB008D0FFE /* LaunchScreen.storyboard in Resources */ = {isa = PBXBuildFile; fileRef = 3BCDC1DA2130CACB008D0FFE /* LaunchScreen.storyboard */; };
		3BCDC1E92130CD0A008D0FFE /* JournalModel.swift in Sources */ = {isa = PBXBuildFile; fileRef = 3BCDC1E82130CD0A008D0FFE /* JournalModel.swift */; };
		3BCDC1EB2130CD19008D0FFE /* JournalModelController.swift in Sources */ = {isa = PBXBuildFile; fileRef = 3BCDC1EA2130CD19008D0FFE /* JournalModelController.swift */; };
		3BCDC1ED2130CD33008D0FFE /* EntryViewController.swift in Sources */ = {isa = PBXBuildFile; fileRef = 3BCDC1EC2130CD33008D0FFE /* EntryViewController.swift */; };
		3BCDC1EF2130CD47008D0FFE /* JournalTableViewController.swift in Sources */ = {isa = PBXBuildFile; fileRef = 3BCDC1EE2130CD47008D0FFE /* JournalTableViewController.swift */; };
/* End PBXBuildFile section */

/* Begin PBXFileReference section */
		3BCDC1CE2130CACA008D0FFE /* Journal3.0.app */ = {isa = PBXFileReference; explicitFileType = wrapper.application; includeInIndex = 0; path = Journal3.0.app; sourceTree = BUILT_PRODUCTS_DIR; };
		3BCDC1D12130CACA008D0FFE /* AppDelegate.swift */ = {isa = PBXFileReference; lastKnownFileType = sourcecode.swift; path = AppDelegate.swift; sourceTree = "<group>"; };
		3BCDC1D62130CACA008D0FFE /* Base */ = {isa = PBXFileReference; lastKnownFileType = file.storyboard; name = Base; path = Base.lproj/Main.storyboard; sourceTree = "<group>"; };
		3BCDC1D82130CACB008D0FFE /* Assets.xcassets */ = {isa = PBXFileReference; lastKnownFileType = folder.assetcatalog; path = Assets.xcassets; sourceTree = "<group>"; };
		3BCDC1DB2130CACB008D0FFE /* Base */ = {isa = PBXFileReference; lastKnownFileType = file.storyboard; name = Base; path = Base.lproj/LaunchScreen.storyboard; sourceTree = "<group>"; };
		3BCDC1DD2130CACB008D0FFE /* Info.plist */ = {isa = PBXFileReference; lastKnownFileType = text.plist.xml; path = Info.plist; sourceTree = "<group>"; };
		3BCDC1E82130CD0A008D0FFE /* JournalModel.swift */ = {isa = PBXFileReference; lastKnownFileType = sourcecode.swift; path = JournalModel.swift; sourceTree = "<group>"; };
		3BCDC1EA2130CD19008D0FFE /* JournalModelController.swift */ = {isa = PBXFileReference; lastKnownFileType = sourcecode.swift; path = JournalModelController.swift; sourceTree = "<group>"; };
		3BCDC1EC2130CD33008D0FFE /* EntryViewController.swift */ = {isa = PBXFileReference; lastKnownFileType = sourcecode.swift; path = EntryViewController.swift; sourceTree = "<group>"; };
		3BCDC1EE2130CD47008D0FFE /* JournalTableViewController.swift */ = {isa = PBXFileReference; lastKnownFileType = sourcecode.swift; path = JournalTableViewController.swift; sourceTree = "<group>"; };
/* End PBXFileReference section */

/* Begin PBXFrameworksBuildPhase section */
		3BCDC1CB2130CACA008D0FFE /* Frameworks */ = {
			isa = PBXFrameworksBuildPhase;
			buildActionMask = 2147483647;
			files = (
			);
			runOnlyForDeploymentPostprocessing = 0;
		};
/* End PBXFrameworksBuildPhase section */

/* Begin PBXGroup section */
		3BCDC1C52130CACA008D0FFE = {
			isa = PBXGroup;
			children = (
				3BCDC1D02130CACA008D0FFE /* Journal3.0 */,
				3BCDC1CF2130CACA008D0FFE /* Products */,
			);
			sourceTree = "<group>";
		};
		3BCDC1CF2130CACA008D0FFE /* Products */ = {
			isa = PBXGroup;
			children = (
				3BCDC1CE2130CACA008D0FFE /* Journal3.0.app */,
			);
			name = Products;
			sourceTree = "<group>";
		};
		3BCDC1D02130CACA008D0FFE /* Journal3.0 */ = {
			isa = PBXGroup;
			children = (
				3BCDC1E62130CCD2008D0FFE /* Model */,
				3BCDC1E42130CCBF008D0FFE /* View */,
				3BCDC1E72130CCD7008D0FFE /* ModelController */,
				3BCDC1E52130CCC7008D0FFE /* ViewControllers */,
				3BCDC1E32130CC9A008D0FFE /* Resources */,
			);
			path = Journal3.0;
			sourceTree = "<group>";
		};
		3BCDC1E32130CC9A008D0FFE /* Resources */ = {
			isa = PBXGroup;
			children = (
				3BCDC1D12130CACA008D0FFE /* AppDelegate.swift */,
				3BCDC1DD2130CACB008D0FFE /* Info.plist */,
				3BCDC1D82130CACB008D0FFE /* Assets.xcassets */,
			);
			path = Resources;
			sourceTree = "<group>";
		};
		3BCDC1E42130CCBF008D0FFE /* View */ = {
			isa = PBXGroup;
			children = (
				3BCDC1D52130CACA008D0FFE /* Main.storyboard */,
				3BCDC1DA2130CACB008D0FFE /* LaunchScreen.storyboard */,
			);
			path = View;
			sourceTree = "<group>";
		};
		3BCDC1E52130CCC7008D0FFE /* ViewControllers */ = {
			isa = PBXGroup;
			children = (
				3BCDC1EC2130CD33008D0FFE /* EntryViewController.swift */,
				3BCDC1EE2130CD47008D0FFE /* JournalTableViewController.swift */,
			);
			path = ViewControllers;
			sourceTree = "<group>";
		};
		3BCDC1E62130CCD2008D0FFE /* Model */ = {
			isa = PBXGroup;
			children = (
				3BCDC1E82130CD0A008D0FFE /* JournalModel.swift */,
			);
			path = Model;
			sourceTree = "<group>";
		};
		3BCDC1E72130CCD7008D0FFE /* ModelController */ = {
			isa = PBXGroup;
			children = (
				3BCDC1EA2130CD19008D0FFE /* JournalModelController.swift */,
			);
			path = ModelController;
			sourceTree = "<group>";
		};
/* End PBXGroup section */

/* Begin PBXNativeTarget section */
		3BCDC1CD2130CACA008D0FFE /* Journal3.0 */ = {
			isa = PBXNativeTarget;
			buildConfigurationList = 3BCDC1E02130CACB008D0FFE /* Build configuration list for PBXNativeTarget "Journal3.0" */;
			buildPhases = (
				3BCDC1CA2130CACA008D0FFE /* Sources */,
				3BCDC1CB2130CACA008D0FFE /* Frameworks */,
				3BCDC1CC2130CACA008D0FFE /* Resources */,
			);
			buildRules = (
			);
			dependencies = (
			);
			name = Journal3.0;
			productName = Journal3.0;
			productReference = 3BCDC1CE2130CACA008D0FFE /* Journal3.0.app */;
			productType = "com.apple.product-type.application";
		};
/* End PBXNativeTarget section */

/* Begin PBXProject section */
		3BCDC1C62130CACA008D0FFE /* Project object */ = {
			isa = PBXProject;
			attributes = {
				LastSwiftUpdateCheck = 0940;
				LastUpgradeCheck = 0940;
				ORGANIZATIONNAME = "Kamil Wrobel";
				TargetAttributes = {
					3BCDC1CD2130CACA008D0FFE = {
						CreatedOnToolsVersion = 9.4.1;
					};
				};
			};
			buildConfigurationList = 3BCDC1C92130CACA008D0FFE /* Build configuration list for PBXProject "Journal3.0" */;
			compatibilityVersion = "Xcode 9.3";
			developmentRegion = en;
			hasScannedForEncodings = 0;
			knownRegions = (
				en,
				Base,
			);
			mainGroup = 3BCDC1C52130CACA008D0FFE;
			productRefGroup = 3BCDC1CF2130CACA008D0FFE /* Products */;
			projectDirPath = "";
			projectRoot = "";
			targets = (
				3BCDC1CD2130CACA008D0FFE /* Journal3.0 */,
			);
		};
/* End PBXProject section */

/* Begin PBXResourcesBuildPhase section */
		3BCDC1CC2130CACA008D0FFE /* Resources */ = {
			isa = PBXResourcesBuildPhase;
			buildActionMask = 2147483647;
			files = (
				3BCDC1DC2130CACB008D0FFE /* LaunchScreen.storyboard in Resources */,
				3BCDC1D92130CACB008D0FFE /* Assets.xcassets in Resources */,
				3BCDC1D72130CACA008D0FFE /* Main.storyboard in Resources */,
			);
			runOnlyForDeploymentPostprocessing = 0;
		};
/* End PBXResourcesBuildPhase section */

/* Begin PBXSourcesBuildPhase section */
		3BCDC1CA2130CACA008D0FFE /* Sources */ = {
			isa = PBXSourcesBuildPhase;
			buildActionMask = 2147483647;
			files = (
				3BCDC1EB2130CD19008D0FFE /* JournalModelController.swift in Sources */,
				3BCDC1ED2130CD33008D0FFE /* EntryViewController.swift in Sources */,
				3BCDC1EF2130CD47008D0FFE /* JournalTableViewController.swift in Sources */,
				3BCDC1D22130CACA008D0FFE /* AppDelegate.swift in Sources */,
				3BCDC1E92130CD0A008D0FFE /* JournalModel.swift in Sources */,
			);
			runOnlyForDeploymentPostprocessing = 0;
		};
/* End PBXSourcesBuildPhase section */

/* Begin PBXVariantGroup section */
		3BCDC1D52130CACA008D0FFE /* Main.storyboard */ = {
			isa = PBXVariantGroup;
			children = (
				3BCDC1D62130CACA008D0FFE /* Base */,
			);
			name = Main.storyboard;
			sourceTree = "<group>";
		};
		3BCDC1DA2130CACB008D0FFE /* LaunchScreen.storyboard */ = {
			isa = PBXVariantGroup;
			children = (
				3BCDC1DB2130CACB008D0FFE /* Base */,
			);
			name = LaunchScreen.storyboard;
			sourceTree = "<group>";
		};
/* End PBXVariantGroup section */

/* Begin XCBuildConfiguration section */
		3BCDC1DE2130CACB008D0FFE /* Debug */ = {
			isa = XCBuildConfiguration;
			buildSettings = {
				ALWAYS_SEARCH_USER_PATHS = NO;
				CLANG_ANALYZER_NONNULL = YES;
				CLANG_ANALYZER_NUMBER_OBJECT_CONVERSION = YES_AGGRESSIVE;
				CLANG_CXX_LANGUAGE_STANDARD = "gnu++14";
				CLANG_CXX_LIBRARY = "libc++";
				CLANG_ENABLE_MODULES = YES;
				CLANG_ENABLE_OBJC_ARC = YES;
				CLANG_ENABLE_OBJC_WEAK = YES;
				CLANG_WARN_BLOCK_CAPTURE_AUTORELEASING = YES;
				CLANG_WARN_BOOL_CONVERSION = YES;
				CLANG_WARN_COMMA = YES;
				CLANG_WARN_CONSTANT_CONVERSION = YES;
				CLANG_WARN_DEPRECATED_OBJC_IMPLEMENTATIONS = YES;
				CLANG_WARN_DIRECT_OBJC_ISA_USAGE = YES_ERROR;
				CLANG_WARN_DOCUMENTATION_COMMENTS = YES;
				CLANG_WARN_EMPTY_BODY = YES;
				CLANG_WARN_ENUM_CONVERSION = YES;
				CLANG_WARN_INFINITE_RECURSION = YES;
				CLANG_WARN_INT_CONVERSION = YES;
				CLANG_WARN_NON_LITERAL_NULL_CONVERSION = YES;
				CLANG_WARN_OBJC_IMPLICIT_RETAIN_SELF = YES;
				CLANG_WARN_OBJC_LITERAL_CONVERSION = YES;
				CLANG_WARN_OBJC_ROOT_CLASS = YES_ERROR;
				CLANG_WARN_RANGE_LOOP_ANALYSIS = YES;
				CLANG_WARN_STRICT_PROTOTYPES = YES;
				CLANG_WARN_SUSPICIOUS_MOVE = YES;
				CLANG_WARN_UNGUARDED_AVAILABILITY = YES_AGGRESSIVE;
				CLANG_WARN_UNREACHABLE_CODE = YES;
				CLANG_WARN__DUPLICATE_METHOD_MATCH = YES;
				CODE_SIGN_IDENTITY = "iPhone Developer";
				COPY_PHASE_STRIP = NO;
				DEBUG_INFORMATION_FORMAT = dwarf;
				ENABLE_STRICT_OBJC_MSGSEND = YES;
				ENABLE_TESTABILITY = YES;
				GCC_C_LANGUAGE_STANDARD = gnu11;
				GCC_DYNAMIC_NO_PIC = NO;
				GCC_NO_COMMON_BLOCKS = YES;
				GCC_OPTIMIZATION_LEVEL = 0;
				GCC_PREPROCESSOR_DEFINITIONS = (
					"DEBUG=1",
					"$(inherited)",
				);
				GCC_WARN_64_TO_32_BIT_CONVERSION = YES;
				GCC_WARN_ABOUT_RETURN_TYPE = YES_ERROR;
				GCC_WARN_UNDECLARED_SELECTOR = YES;
				GCC_WARN_UNINITIALIZED_AUTOS = YES_AGGRESSIVE;
				GCC_WARN_UNUSED_FUNCTION = YES;
				GCC_WARN_UNUSED_VARIABLE = YES;
				IPHONEOS_DEPLOYMENT_TARGET = 11.4;
				MTL_ENABLE_DEBUG_INFO = YES;
				ONLY_ACTIVE_ARCH = YES;
				SDKROOT = iphoneos;
				SWIFT_ACTIVE_COMPILATION_CONDITIONS = DEBUG;
				SWIFT_OPTIMIZATION_LEVEL = "-Onone";
			};
			name = Debug;
		};
		3BCDC1DF2130CACB008D0FFE /* Release */ = {
			isa = XCBuildConfiguration;
			buildSettings = {
				ALWAYS_SEARCH_USER_PATHS = NO;
				CLANG_ANALYZER_NONNULL = YES;
				CLANG_ANALYZER_NUMBER_OBJECT_CONVERSION = YES_AGGRESSIVE;
				CLANG_CXX_LANGUAGE_STANDARD = "gnu++14";
				CLANG_CXX_LIBRARY = "libc++";
				CLANG_ENABLE_MODULES = YES;
				CLANG_ENABLE_OBJC_ARC = YES;
				CLANG_ENABLE_OBJC_WEAK = YES;
				CLANG_WARN_BLOCK_CAPTURE_AUTORELEASING = YES;
				CLANG_WARN_BOOL_CONVERSION = YES;
				CLANG_WARN_COMMA = YES;
				CLANG_WARN_CONSTANT_CONVERSION = YES;
				CLANG_WARN_DEPRECATED_OBJC_IMPLEMENTATIONS = YES;
				CLANG_WARN_DIRECT_OBJC_ISA_USAGE = YES_ERROR;
				CLANG_WARN_DOCUMENTATION_COMMENTS = YES;
				CLANG_WARN_EMPTY_BODY = YES;
				CLANG_WARN_ENUM_CONVERSION = YES;
				CLANG_WARN_INFINITE_RECURSION = YES;
				CLANG_WARN_INT_CONVERSION = YES;
				CLANG_WARN_NON_LITERAL_NULL_CONVERSION = YES;
				CLANG_WARN_OBJC_IMPLICIT_RETAIN_SELF = YES;
				CLANG_WARN_OBJC_LITERAL_CONVERSION = YES;
				CLANG_WARN_OBJC_ROOT_CLASS = YES_ERROR;
				CLANG_WARN_RANGE_LOOP_ANALYSIS = YES;
				CLANG_WARN_STRICT_PROTOTYPES = YES;
				CLANG_WARN_SUSPICIOUS_MOVE = YES;
				CLANG_WARN_UNGUARDED_AVAILABILITY = YES_AGGRESSIVE;
				CLANG_WARN_UNREACHABLE_CODE = YES;
				CLANG_WARN__DUPLICATE_METHOD_MATCH = YES;
				CODE_SIGN_IDENTITY = "iPhone Developer";
				COPY_PHASE_STRIP = NO;
				DEBUG_INFORMATION_FORMAT = "dwarf-with-dsym";
				ENABLE_NS_ASSERTIONS = NO;
				ENABLE_STRICT_OBJC_MSGSEND = YES;
				GCC_C_LANGUAGE_STANDARD = gnu11;
				GCC_NO_COMMON_BLOCKS = YES;
				GCC_WARN_64_TO_32_BIT_CONVERSION = YES;
				GCC_WARN_ABOUT_RETURN_TYPE = YES_ERROR;
				GCC_WARN_UNDECLARED_SELECTOR = YES;
				GCC_WARN_UNINITIALIZED_AUTOS = YES_AGGRESSIVE;
				GCC_WARN_UNUSED_FUNCTION = YES;
				GCC_WARN_UNUSED_VARIABLE = YES;
				IPHONEOS_DEPLOYMENT_TARGET = 11.4;
				MTL_ENABLE_DEBUG_INFO = NO;
				SDKROOT = iphoneos;
				SWIFT_COMPILATION_MODE = wholemodule;
				SWIFT_OPTIMIZATION_LEVEL = "-O";
				VALIDATE_PRODUCT = YES;
			};
			name = Release;
		};
		3BCDC1E12130CACB008D0FFE /* Debug */ = {
			isa = XCBuildConfiguration;
			buildSettings = {
				ASSETCATALOG_COMPILER_APPICON_NAME = AppIcon;
				CODE_SIGN_STYLE = Automatic;
				DEVELOPMENT_TEAM = 5EAUJPVR66;
				INFOPLIST_FILE = "$(SRCROOT)/Journal3.0/Resources/Info.plist";
				LD_RUNPATH_SEARCH_PATHS = (
					"$(inherited)",
					"@executable_path/Frameworks",
				);
				PRODUCT_BUNDLE_IDENTIFIER = "com.xwrobelekx.Journal3-0";
				PRODUCT_NAME = "$(TARGET_NAME)";
				SWIFT_VERSION = 4.0;
				TARGETED_DEVICE_FAMILY = "1,2";
			};
			name = Debug;
		};
		3BCDC1E22130CACB008D0FFE /* Release */ = {
			isa = XCBuildConfiguration;
			buildSettings = {
				ASSETCATALOG_COMPILER_APPICON_NAME = AppIcon;
				CODE_SIGN_STYLE = Automatic;
				DEVELOPMENT_TEAM = 5EAUJPVR66;
				INFOPLIST_FILE = "$(SRCROOT)/Journal3.0/Resources/Info.plist";
				LD_RUNPATH_SEARCH_PATHS = (
					"$(inherited)",
					"@executable_path/Frameworks",
				);
				PRODUCT_BUNDLE_IDENTIFIER = "com.xwrobelekx.Journal3-0";
				PRODUCT_NAME = "$(TARGET_NAME)";
				SWIFT_VERSION = 4.0;
				TARGETED_DEVICE_FAMILY = "1,2";
			};
			name = Release;
		};
/* End XCBuildConfiguration section */

/* Begin XCConfigurationList section */
		3BCDC1C92130CACA008D0FFE /* Build configuration list for PBXProject "Journal3.0" */ = {
			isa = XCConfigurationList;
			buildConfigurations = (
				3BCDC1DE2130CACB008D0FFE /* Debug */,
				3BCDC1DF2130CACB008D0FFE /* Release */,
			);
			defaultConfigurationIsVisible = 0;
			defaultConfigurationName = Release;
		};
		3BCDC1E02130CACB008D0FFE /* Build configuration list for PBXNativeTarget "Journal3.0" */ = {
			isa = XCConfigurationList;
			buildConfigurations = (
				3BCDC1E12130CACB008D0FFE /* Debug */,
				3BCDC1E22130CACB008D0FFE /* Release */,
			);
			defaultConfigurationIsVisible = 0;
			defaultConfigurationName = Release;
		};
/* End XCConfigurationList section */
	};
	rootObject = 3BCDC1C62130CACA008D0FFE /* Project object */;
}
